
Microsoft Visual Studio Solution File, Format Version 12.00
# Visual Studio Version 17
VisualStudioVersion = 17.14.37502.11
MinimumVisualStudioVersion = 10.0.40219.1
Project("{FAE04EC0-301F-11D3-BF4B-00C04F79EFBC}") = "ConversorMinutosApp", "ConversorMinutosApp\ConversorMinutosApp.csproj", "{B5DFCEB3-A04F-4BCE-B0F9-68781AE60472}"
EndProject
Project("{FAE04EC0-301F-11D3-BF4B-00C04F79EFBC}") = "ClasificadorNumeros", "ClasificadorNumeros\ClasificadorNumeros.csproj", "{3FAE96C2-D0DA-4A8E-9594-3BE1BE4C027A}"
EndProject
Project("{FAE04EC0-301F-11D3-BF4B-00C04F79EFBC}") = "CalculadoraBasica", "CalculadoraBasica\CalculadoraBasica.csproj", "{FE2AD7CE-C8F6-B741-1805-084AE4662D95}"
EndProject
Project("{FAE04EC0-301F-11D3-BF4B-00C04F79EFBC}") = "TablaMultiplicar", "TablaMultiplicar\TablaMultiplicar.csproj", "{BA9DF100-450D-493E-9549-E4D5A861B621}"
EndProject
Project("{FAE04EC0-301F-11D3-BF4B-00C04F79EFBC}") = "AdivinaNumero", "AdivinaNumero\AdivinaNumero.csproj", "{32CD0BBF-1FCC-427D-847F-B3473D0A6162}"
EndProject
Project("{FAE04EC0-301F-11D3-BF4B-00C04F79EFBC}") = "ContadorVocales", "ContadorVocales\ContadorVocales.csproj", "{96D8520D-22FB-4F70-AC1B-951690421CDF}"
EndProject
Project("{FAE04EC0-301F-11D3-BF4B-00C04F79EFBC}") = "ListaCompra", "ListaCompra\ListaCompra.csproj", "{A4F0AE5F-40FE-4A8C-8EE2-88740BF34ACF}"
EndProject
Global
	GlobalSection(SolutionConfigurationPlatforms) = preSolution
		Debug|Any CPU = Debug|Any CPU
		Release|Any CPU = Release|Any CPU
	EndGlobalSection
	GlobalSection(ProjectConfigurationPlatforms) = postSolution
		{B5DFCEB3-A04F-4BCE-B0F9-68781AE60472}.Debug|Any CPU.ActiveCfg = Debug|Any CPU
		{B5DFCEB3-A04F-4BCE-B0F9-68781AE60472}.Debug|Any CPU.Build.0 = Debug|Any CPU
		{B5DFCEB3-A04F-4BCE-B0F9-68781AE60472}.Release|Any CPU.ActiveCfg = Release|Any CPU
		{B5DFCEB3-A04F-4BCE-B0F9-68781AE60472}.Release|Any CPU.Build.0 = Release|Any CPU
		{3FAE96C2-D0DA-4A8E-9594-3BE1BE4C027A}.Debug|Any CPU.ActiveCfg = Debug|Any CPU
		{3FAE96C2-D0DA-4A8E-9594-3BE1BE4C027A}.Debug|Any CPU.Build.0 = Debug|Any CPU
		{3FAE96C2-D0DA-4A8E-9594-3BE1BE4C027A}.Release|Any CPU.ActiveCfg = Release|Any CPU
		{3FAE96C2-D0DA-4A8E-9594-3BE1BE4C027A}.Release|Any CPU.Build.0 = Release|Any CPU
		{FE2AD7CE-C8F6-B741-1805-084AE4662D95}.Debug|Any CPU.ActiveCfg = Debug|Any CPU
		{FE2AD7CE-C8F6-B741-1805-084AE4662D95}.Debug|Any CPU.Build.0 = Debug|Any CPU
		{FE2AD7CE-C8F6-B741-1805-084AE4662D95}.Release|Any CPU.ActiveCfg = Release|Any CPU
		{FE2AD7CE-C8F6-B741-1805-084AE4662D95}.Release|Any CPU.Build.0 = Release|Any CPU
		{BA9DF100-450D-493E-9549-E4D5A861B621}.Debug|Any CPU.ActiveCfg = Debug|Any CPU
		{BA9DF100-450D-493E-9549-E4D5A861B621}.Debug|Any CPU.Build.0 = Debug|Any CPU
		{BA9DF100-450D-493E-9549-E4D5A861B621}.Release|Any CPU.ActiveCfg = Release|Any CPU
		{BA9DF100-450D-493E-9549-E4D5A861B621}.Release|Any CPU.Build.0 = Release|Any CPU
		{32CD0BBF-1FCC-427D-847F-B3473D0A6162}.Debug|Any CPU.ActiveCfg = Debug|Any CPU
		{32CD0BBF-1FCC-427D-847F-B3473D0A6162}.Debug|Any CPU.Build.0 = Debug|Any CPU
		{32CD0BBF-1FCC-427D-847F-B3473D0A6162}.Release|Any CPU.ActiveCfg = Release|Any CPU
		{32CD0BBF-1FCC-427D-847F-B3473D0A6162}.Release|Any CPU.Build.0 = Release|Any CPU
		{96D8520D-22FB-4F70-AC1B-951690421CDF}.Debug|Any CPU.ActiveCfg = Debug|Any CPU
		{96D8520D-22FB-4F70-AC1B-951690421CDF}.Debug|Any CPU.Build.0 = Debug|Any CPU
		{96D8520D-22FB-4F70-AC1B-951690421CDF}.Release|Any CPU.ActiveCfg = Release|Any CPU
		{96D8520D-22FB-4F70-AC1B-951690421CDF}.Release|Any CPU.Build.0 = Release|Any CPU
		{A4F0AE5F-40FE-4A8C-8EE2-88740BF34ACF}.Debug|Any CPU.ActiveCfg = Debug|Any CPU
		{A4F0AE5F-40FE-4A8C-8EE2-88740BF34ACF}.Debug|Any CPU.Build.0 = Debug|Any CPU
		{A4F0AE5F-40FE-4A8C-8EE2-88740BF34ACF}.Release|Any CPU.ActiveCfg = Release|Any CPU
		{A4F0AE5F-40FE-4A8C-8EE2-88740BF34ACF}.Release|Any CPU.Build.0 = Release|Any CPU
	EndGlobalSection
	GlobalSection(SolutionProperties) = preSolution
		HideSolutionNode = FALSE
	EndGlobalSection
	GlobalSection(ExtensibilityGlobals) = postSolution
		SolutionGuid = {DC53BA3F-1340-4FE4-A484-F4AB73EFE49F}
	EndGlobalSection
EndGlobal
